
Microsoft Visual Studio Solution File, Format Version 12.00
# Visual Studio Version 17
VisualStudioVersion = 17.0.31903.59
MinimumVisualStudioVersion = 10.0.40219.1
Project("{FAE04EC0-301F-11D3-BF4B-00C04F79EFBC}") = "PingPong", "PingPong\PingPong.csproj", "{7D1B99BE-5E55-F4CE-36FC-C3EDCB17331C}"
EndProject
Project("{FAE04EC0-301F-11D3-BF4B-00C04F79EFBC}") = "LogOutputReadApi", "LogOutput\LogOutputReadApi\LogOutputReadApi.csproj", "{91997DC3-A9EB-60D0-1494-E6EE72B20DCF}"
EndProject
Project("{FAE04EC0-301F-11D3-BF4B-00C04F79EFBC}") = "LogOutputWrite", "LogOutput\LogOutputWrite\LogOutputWrite.csproj", "{0E22A3CE-FD91-EFF8-E1D9-94F6C127C26A}"
EndProject
Global
	GlobalSection(SolutionConfigurationPlatforms) = preSolution
		Debug|Any CPU = Debug|Any CPU
		Release|Any CPU = Release|Any CPU
	EndGlobalSection
	GlobalSection(ProjectConfigurationPlatforms) = postSolution
		{7D1B99BE-5E55-F4CE-36FC-C3EDCB17331C}.Debug|Any CPU.ActiveCfg = Debug|Any CPU
		{7D1B99BE-5E55-F4CE-36FC-C3EDCB17331C}.Debug|Any CPU.Build.0 = Debug|Any CPU
		{7D1B99BE-5E55-F4CE-36FC-C3EDCB17331C}.Release|Any CPU.ActiveCfg = Release|Any CPU
		{7D1B99BE-5E55-F4CE-36FC-C3EDCB17331C}.Release|Any CPU.Build.0 = Release|Any CPU
		{91997DC3-A9EB-60D0-1494-E6EE72B20DCF}.Debug|Any CPU.ActiveCfg = Debug|Any CPU
		{91997DC3-A9EB-60D0-1494-E6EE72B20DCF}.Debug|Any CPU.Build.0 = Debug|Any CPU
		{91997DC3-A9EB-60D0-1494-E6EE72B20DCF}.Release|Any CPU.ActiveCfg = Release|Any CPU
		{91997DC3-A9EB-60D0-1494-E6EE72B20DCF}.Release|Any CPU.Build.0 = Release|Any CPU
		{0E22A3CE-FD91-EFF8-E1D9-94F6C127C26A}.Debug|Any CPU.ActiveCfg = Debug|Any CPU
		{0E22A3CE-FD91-EFF8-E1D9-94F6C127C26A}.Debug|Any CPU.Build.0 = Debug|Any CPU
		{0E22A3CE-FD91-EFF8-E1D9-94F6C127C26A}.Release|Any CPU.ActiveCfg = Release|Any CPU
		{0E22A3CE-FD91-EFF8-E1D9-94F6C127C26A}.Release|Any CPU.Build.0 = Release|Any CPU
	EndGlobalSection
	GlobalSection(SolutionProperties) = preSolution
		HideSolutionNode = FALSE
	EndGlobalSection
	GlobalSection(ExtensibilityGlobals) = postSolution
		SolutionGuid = {4A082904-45BB-4F62-9BEC-602716425B13}
	EndGlobalSection
EndGlobal
